
Microsoft Visual Studio Solution File, Format Version 12.00
# Visual Studio Version 17
VisualStudioVersion = 17.4.33205.214
MinimumVisualStudioVersion = 10.0.40219.1
Project("{FAE04EC0-301F-11D3-BF4B-00C04F79EFBC}") = "HouseholdBillsCalculator", "HouseholdBillsCalculator\HouseholdBillsCalculator.csproj", "{DCB82308-6724-4587-9DFC-83179813B16B}"
EndProject
Global
	GlobalSection(SolutionConfigurationPlatforms) = preSolution
		Debug|Any CPU = Debug|Any CPU
		Release|Any CPU = Release|Any CPU
	EndGlobalSection
	GlobalSection(ProjectConfigurationPlatforms) = postSolution
		{DCB82308-6724-4587-9DFC-83179813B16B}.Debug|Any CPU.ActiveCfg = Debug|Any CPU
		{DCB82308-6724-4587-9DFC-83179813B16B}.Debug|Any CPU.Build.0 = Debug|Any CPU
		{DCB82308-6724-4587-9DFC-83179813B16B}.Release|Any CPU.ActiveCfg = Release|Any CPU
		{DCB82308-6724-4587-9DFC-83179813B16B}.Release|Any CPU.Build.0 = Release|Any CPU
	EndGlobalSection
	GlobalSection(SolutionProperties) = preSolution
		HideSolutionNode = FALSE
	EndGlobalSection
	GlobalSection(ExtensibilityGlobals) = postSolution
		SolutionGuid = {1C69A0BC-4903-4F9B-B0EB-62A754DDE14E}
	EndGlobalSection
EndGlobal
